// !$*UTF8*$!
{
	archiveVersion = 1;
	classes = {
	};
	objectVersion = 50;
	objects = {

/* Begin PBXBuildFile section */
		A141ED68239FA82C00FCF977 /* AppDelegate.swift in Sources */ = {isa = PBXBuildFile; fileRef = A141ED67239FA82C00FCF977 /* AppDelegate.swift */; };
		A141ED6A239FA82C00FCF977 /* SceneDelegate.swift in Sources */ = {isa = PBXBuildFile; fileRef = A141ED69239FA82C00FCF977 /* SceneDelegate.swift */; };
		A141ED6C239FA82C00FCF977 /* NewsContentView.swift in Sources */ = {isa = PBXBuildFile; fileRef = A141ED6B239FA82C00FCF977 /* NewsContentView.swift */; };
		A141ED6E239FA83000FCF977 /* Assets.xcassets in Resources */ = {isa = PBXBuildFile; fileRef = A141ED6D239FA83000FCF977 /* Assets.xcassets */; };
		A141ED71239FA83000FCF977 /* Preview Assets.xcassets in Resources */ = {isa = PBXBuildFile; fileRef = A141ED70239FA83000FCF977 /* Preview Assets.xcassets */; };
		A141ED74239FA83000FCF977 /* LaunchScreen.storyboard in Resources */ = {isa = PBXBuildFile; fileRef = A141ED72239FA83000FCF977 /* LaunchScreen.storyboard */; };
		A141ED7C239FA84B00FCF977 /* WebService.swift in Sources */ = {isa = PBXBuildFile; fileRef = A141ED7B239FA84B00FCF977 /* WebService.swift */; };
		A141ED7E239FA89100FCF977 /* NewsResponseModel.swift in Sources */ = {isa = PBXBuildFile; fileRef = A141ED7D239FA89100FCF977 /* NewsResponseModel.swift */; };
		A141ED80239FA8C500FCF977 /* ArticleViewModel.swift in Sources */ = {isa = PBXBuildFile; fileRef = A141ED7F239FA8C500FCF977 /* ArticleViewModel.swift */; };
		A141ED82239FA8FB00FCF977 /* ArticleListViewModel.swift in Sources */ = {isa = PBXBuildFile; fileRef = A141ED81239FA8FB00FCF977 /* ArticleListViewModel.swift */; };
		A1654C1C239FED2C00FF8D24 /* Constants.swift in Sources */ = {isa = PBXBuildFile; fileRef = A1654C1B239FED2C00FF8D24 /* Constants.swift */; };
/* End PBXBuildFile section */

/* Begin PBXFileReference section */
		A141ED64239FA82C00FCF977 /* NewsApp.app */ = {isa = PBXFileReference; explicitFileType = wrapper.application; includeInIndex = 0; path = NewsApp.app; sourceTree = BUILT_PRODUCTS_DIR; };
		A141ED67239FA82C00FCF977 /* AppDelegate.swift */ = {isa = PBXFileReference; lastKnownFileType = sourcecode.swift; path = AppDelegate.swift; sourceTree = "<group>"; };
		A141ED69239FA82C00FCF977 /* SceneDelegate.swift */ = {isa = PBXFileReference; lastKnownFileType = sourcecode.swift; path = SceneDelegate.swift; sourceTree = "<group>"; };
		A141ED6B239FA82C00FCF977 /* NewsContentView.swift */ = {isa = PBXFileReference; lastKnownFileType = sourcecode.swift; path = NewsContentView.swift; sourceTree = "<group>"; };
		A141ED6D239FA83000FCF977 /* Assets.xcassets */ = {isa = PBXFileReference; lastKnownFileType = folder.assetcatalog; path = Assets.xcassets; sourceTree = "<group>"; };
		A141ED70239FA83000FCF977 /* Preview Assets.xcassets */ = {isa = PBXFileReference; lastKnownFileType = folder.assetcatalog; path = "Preview Assets.xcassets"; sourceTree = "<group>"; };
		A141ED73239FA83000FCF977 /* Base */ = {isa = PBXFileReference; lastKnownFileType = file.storyboard; name = Base; path = Base.lproj/LaunchScreen.storyboard; sourceTree = "<group>"; };
		A141ED75239FA83000FCF977 /* Info.plist */ = {isa = PBXFileReference; lastKnownFileType = text.plist.xml; path = Info.plist; sourceTree = "<group>"; };
		A141ED7B239FA84B00FCF977 /* WebService.swift */ = {isa = PBXFileReference; lastKnownFileType = sourcecode.swift; path = WebService.swift; sourceTree = "<group>"; };
		A141ED7D239FA89100FCF977 /* NewsResponseModel.swift */ = {isa = PBXFileReference; lastKnownFileType = sourcecode.swift; path = NewsResponseModel.swift; sourceTree = "<group>"; };
		A141ED7F239FA8C500FCF977 /* ArticleViewModel.swift */ = {isa = PBXFileReference; lastKnownFileType = sourcecode.swift; path = ArticleViewModel.swift; sourceTree = "<group>"; };
		A141ED81239FA8FB00FCF977 /* ArticleListViewModel.swift */ = {isa = PBXFileReference; lastKnownFileType = sourcecode.swift; path = ArticleListViewModel.swift; sourceTree = "<group>"; };
		A1654C1B239FED2C00FF8D24 /* Constants.swift */ = {isa = PBXFileReference; lastKnownFileType = sourcecode.swift; path = Constants.swift; sourceTree = "<group>"; };
/* End PBXFileReference section */

/* Begin PBXFrameworksBuildPhase section */
		A141ED61239FA82C00FCF977 /* Frameworks */ = {
			isa = PBXFrameworksBuildPhase;
			buildActionMask = 2147483647;
			files = (
			);
			runOnlyForDeploymentPostprocessing = 0;
		};
/* End PBXFrameworksBuildPhase section */

/* Begin PBXGroup section */
		A141ED5B239FA82C00FCF977 = {
			isa = PBXGroup;
			children = (
				A141ED66239FA82C00FCF977 /* NewsApp */,
				A141ED65239FA82C00FCF977 /* Products */,
			);
			sourceTree = "<group>";
		};
		A141ED65239FA82C00FCF977 /* Products */ = {
			isa = PBXGroup;
			children = (
				A141ED64239FA82C00FCF977 /* NewsApp.app */,
			);
			name = Products;
			sourceTree = "<group>";
		};
		A141ED66239FA82C00FCF977 /* NewsApp */ = {
			isa = PBXGroup;
			children = (
				A141ED67239FA82C00FCF977 /* AppDelegate.swift */,
				A141ED69239FA82C00FCF977 /* SceneDelegate.swift */,
				A141ED83239FBE3600FCF977 /* Model */,
				A141ED85239FBE4D00FCF977 /* View */,
				A141ED84239FBE3D00FCF977 /* ViewModel */,
				A141ED87239FBEF100FCF977 /* Networking */,
				A141ED86239FBED200FCF977 /* SupportFiles */,
				A141ED6F239FA83000FCF977 /* Preview Content */,
			);
			path = NewsApp;
			sourceTree = "<group>";
		};
		A141ED6F239FA83000FCF977 /* Preview Content */ = {
			isa = PBXGroup;
			children = (
				A141ED70239FA83000FCF977 /* Preview Assets.xcassets */,
			);
			path = "Preview Content";
			sourceTree = "<group>";
		};
		A141ED83239FBE3600FCF977 /* Model */ = {
			isa = PBXGroup;
			children = (
				A141ED7D239FA89100FCF977 /* NewsResponseModel.swift */,
			);
			path = Model;
			sourceTree = "<group>";
		};
		A141ED84239FBE3D00FCF977 /* ViewModel */ = {
			isa = PBXGroup;
			children = (
				A141ED7F239FA8C500FCF977 /* ArticleViewModel.swift */,
				A141ED81239FA8FB00FCF977 /* ArticleListViewModel.swift */,
			);
			path = ViewModel;
			sourceTree = "<group>";
		};
		A141ED85239FBE4D00FCF977 /* View */ = {
			isa = PBXGroup;
			children = (
				A141ED6B239FA82C00FCF977 /* NewsContentView.swift */,
			);
			path = View;
			sourceTree = "<group>";
		};
		A141ED86239FBED200FCF977 /* SupportFiles */ = {
			isa = PBXGroup;
			children = (
				A1654C1A239FED0C00FF8D24 /* Common */,
				A141ED75239FA83000FCF977 /* Info.plist */,
				A141ED6D239FA83000FCF977 /* Assets.xcassets */,
				A141ED72239FA83000FCF977 /* LaunchScreen.storyboard */,
			);
			path = SupportFiles;
			sourceTree = "<group>";
		};
		A141ED87239FBEF100FCF977 /* Networking */ = {
			isa = PBXGroup;
			children = (
				A141ED7B239FA84B00FCF977 /* WebService.swift */,
			);
			path = Networking;
			sourceTree = "<group>";
		};
		A1654C1A239FED0C00FF8D24 /* Common */ = {
			isa = PBXGroup;
			children = (
				A1654C1B239FED2C00FF8D24 /* Constants.swift */,
			);
			path = Common;
			sourceTree = "<group>";
		};
/* End PBXGroup section */

/* Begin PBXNativeTarget section */
		A141ED63239FA82C00FCF977 /* NewsApp */ = {
			isa = PBXNativeTarget;
			buildConfigurationList = A141ED78239FA83000FCF977 /* Build configuration list for PBXNativeTarget "NewsApp" */;
			buildPhases = (
				A141ED60239FA82C00FCF977 /* Sources */,
				A141ED61239FA82C00FCF977 /* Frameworks */,
				A141ED62239FA82C00FCF977 /* Resources */,
			);
			buildRules = (
			);
			dependencies = (
			);
			name = NewsApp;
			productName = NewsApp;
			productReference = A141ED64239FA82C00FCF977 /* NewsApp.app */;
			productType = "com.apple.product-type.application";
		};
/* End PBXNativeTarget section */

/* Begin PBXProject section */
		A141ED5C239FA82C00FCF977 /* Project object */ = {
			isa = PBXProject;
			attributes = {
				LastSwiftUpdateCheck = 1100;
				LastUpgradeCheck = 1100;
				ORGANIZATIONNAME = "Vinay Bharwani";
				TargetAttributes = {
					A141ED63239FA82C00FCF977 = {
						CreatedOnToolsVersion = 11.0;
					};
				};
			};
			buildConfigurationList = A141ED5F239FA82C00FCF977 /* Build configuration list for PBXProject "NewsApp" */;
			compatibilityVersion = "Xcode 9.3";
			developmentRegion = en;
			hasScannedForEncodings = 0;
			knownRegions = (
				en,
				Base,
			);
			mainGroup = A141ED5B239FA82C00FCF977;
			productRefGroup = A141ED65239FA82C00FCF977 /* Products */;
			projectDirPath = "";
			projectRoot = "";
			targets = (
				A141ED63239FA82C00FCF977 /* NewsApp */,
			);
		};
/* End PBXProject section */

/* Begin PBXResourcesBuildPhase section */
		A141ED62239FA82C00FCF977 /* Resources */ = {
			isa = PBXResourcesBuildPhase;
			buildActionMask = 2147483647;
			files = (
				A141ED74239FA83000FCF977 /* LaunchScreen.storyboard in Resources */,
				A141ED71239FA83000FCF977 /* Preview Assets.xcassets in Resources */,
				A141ED6E239FA83000FCF977 /* Assets.xcassets in Resources */,
			);
			runOnlyForDeploymentPostprocessing = 0;
		};
/* End PBXResourcesBuildPhase section */

/* Begin PBXSourcesBuildPhase section */
		A141ED60239FA82C00FCF977 /* Sources */ = {
			isa = PBXSourcesBuildPhase;
			buildActionMask = 2147483647;
			files = (
				A141ED7E239FA89100FCF977 /* NewsResponseModel.swift in Sources */,
				A141ED68239FA82C00FCF977 /* AppDelegate.swift in Sources */,
				A141ED6A239FA82C00FCF977 /* SceneDelegate.swift in Sources */,
				A141ED80239FA8C500FCF977 /* ArticleViewModel.swift in Sources */,
				A141ED7C239FA84B00FCF977 /* WebService.swift in Sources */,
				A141ED6C239FA82C00FCF977 /* NewsContentView.swift in Sources */,
				A141ED82239FA8FB00FCF977 /* ArticleListViewModel.swift in Sources */,
				A1654C1C239FED2C00FF8D24 /* Constants.swift in Sources */,
			);
			runOnlyForDeploymentPostprocessing = 0;
		};
/* End PBXSourcesBuildPhase section */

/* Begin PBXVariantGroup section */
		A141ED72239FA83000FCF977 /* LaunchScreen.storyboard */ = {
			isa = PBXVariantGroup;
			children = (
				A141ED73239FA83000FCF977 /* Base */,
			);
			name = LaunchScreen.storyboard;
			sourceTree = "<group>";
		};
/* End PBXVariantGroup section */

/* Begin XCBuildConfiguration section */
		A141ED76239FA83000FCF977 /* Debug */ = {
			isa = XCBuildConfiguration;
			buildSettings = {
				ALWAYS_SEARCH_USER_PATHS = NO;
				CLANG_ANALYZER_NONNULL = YES;
				CLANG_ANALYZER_NUMBER_OBJECT_CONVERSION = YES_AGGRESSIVE;
				CLANG_CXX_LANGUAGE_STANDARD = "gnu++14";
				CLANG_CXX_LIBRARY = "libc++";
				CLANG_ENABLE_MODULES = YES;
				CLANG_ENABLE_OBJC_ARC = YES;
				CLANG_ENABLE_OBJC_WEAK = YES;
				CLANG_WARN_BLOCK_CAPTURE_AUTORELEASING = YES;
				CLANG_WARN_BOOL_CONVERSION = YES;
				CLANG_WARN_COMMA = YES;
				CLANG_WARN_CONSTANT_CONVERSION = YES;
				CLANG_WARN_DEPRECATED_OBJC_IMPLEMENTATIONS = YES;
				CLANG_WARN_DIRECT_OBJC_ISA_USAGE = YES_ERROR;
				CLANG_WARN_DOCUMENTATION_COMMENTS = YES;
				CLANG_WARN_EMPTY_BODY = YES;
				CLANG_WARN_ENUM_CONVERSION = YES;
				CLANG_WARN_INFINITE_RECURSION = YES;
				CLANG_WARN_INT_CONVERSION = YES;
				CLANG_WARN_NON_LITERAL_NULL_CONVERSION = YES;
				CLANG_WARN_OBJC_IMPLICIT_RETAIN_SELF = YES;
				CLANG_WARN_OBJC_LITERAL_CONVERSION = YES;
				CLANG_WARN_OBJC_ROOT_CLASS = YES_ERROR;
				CLANG_WARN_RANGE_LOOP_ANALYSIS = YES;
				CLANG_WARN_STRICT_PROTOTYPES = YES;
				CLANG_WARN_SUSPICIOUS_MOVE = YES;
				CLANG_WARN_UNGUARDED_AVAILABILITY = YES_AGGRESSIVE;
				CLANG_WARN_UNREACHABLE_CODE = YES;
				CLANG_WARN__DUPLICATE_METHOD_MATCH = YES;
				COPY_PHASE_STRIP = NO;
				DEBUG_INFORMATION_FORMAT = dwarf;
				ENABLE_STRICT_OBJC_MSGSEND = YES;
				ENABLE_TESTABILITY = YES;
				GCC_C_LANGUAGE_STANDARD = gnu11;
				GCC_DYNAMIC_NO_PIC = NO;
				GCC_NO_COMMON_BLOCKS = YES;
				GCC_OPTIMIZATION_LEVEL = 0;
				GCC_PREPROCESSOR_DEFINITIONS = (
					"DEBUG=1",
					"$(inherited)",
				);
				GCC_WARN_64_TO_32_BIT_CONVERSION = YES;
				GCC_WARN_ABOUT_RETURN_TYPE = YES_ERROR;
				GCC_WARN_UNDECLARED_SELECTOR = YES;
				GCC_WARN_UNINITIALIZED_AUTOS = YES_AGGRESSIVE;
				GCC_WARN_UNUSED_FUNCTION = YES;
				GCC_WARN_UNUSED_VARIABLE = YES;
				IPHONEOS_DEPLOYMENT_TARGET = 13.0;
				MTL_ENABLE_DEBUG_INFO = INCLUDE_SOURCE;
				MTL_FAST_MATH = YES;
				ONLY_ACTIVE_ARCH = YES;
				SDKROOT = iphoneos;
				SWIFT_ACTIVE_COMPILATION_CONDITIONS = DEBUG;
				SWIFT_OPTIMIZATION_LEVEL = "-Onone";
			};
			name = Debug;
		};
		A141ED77239FA83000FCF977 /* Release */ = {
			isa = XCBuildConfiguration;
			buildSettings = {
				ALWAYS_SEARCH_USER_PATHS = NO;
				CLANG_ANALYZER_NONNULL = YES;
				CLANG_ANALYZER_NUMBER_OBJECT_CONVERSION = YES_AGGRESSIVE;
				CLANG_CXX_LANGUAGE_STANDARD = "gnu++14";
				CLANG_CXX_LIBRARY = "libc++";
				CLANG_ENABLE_MODULES = YES;
				CLANG_ENABLE_OBJC_ARC = YES;
				CLANG_ENABLE_OBJC_WEAK = YES;
				CLANG_WARN_BLOCK_CAPTURE_AUTORELEASING = YES;
				CLANG_WARN_BOOL_CONVERSION = YES;
				CLANG_WARN_COMMA = YES;
				CLANG_WARN_CONSTANT_CONVERSION = YES;
				CLANG_WARN_DEPRECATED_OBJC_IMPLEMENTATIONS = YES;
				CLANG_WARN_DIRECT_OBJC_ISA_USAGE = YES_ERROR;
				CLANG_WARN_DOCUMENTATION_COMMENTS = YES;
				CLANG_WARN_EMPTY_BODY = YES;
				CLANG_WARN_ENUM_CONVERSION = YES;
				CLANG_WARN_INFINITE_RECURSION = YES;
				CLANG_WARN_INT_CONVERSION = YES;
				CLANG_WARN_NON_LITERAL_NULL_CONVERSION = YES;
				CLANG_WARN_OBJC_IMPLICIT_RETAIN_SELF = YES;
				CLANG_WARN_OBJC_LITERAL_CONVERSION = YES;
				CLANG_WARN_OBJC_ROOT_CLASS = YES_ERROR;
				CLANG_WARN_RANGE_LOOP_ANALYSIS = YES;
				CLANG_WARN_STRICT_PROTOTYPES = YES;
				CLANG_WARN_SUSPICIOUS_MOVE = YES;
				CLANG_WARN_UNGUARDED_AVAILABILITY = YES_AGGRESSIVE;
				CLANG_WARN_UNREACHABLE_CODE = YES;
				CLANG_WARN__DUPLICATE_METHOD_MATCH = YES;
				COPY_PHASE_STRIP = NO;
				DEBUG_INFORMATION_FORMAT = "dwarf-with-dsym";
				ENABLE_NS_ASSERTIONS = NO;
				ENABLE_STRICT_OBJC_MSGSEND = YES;
				GCC_C_LANGUAGE_STANDARD = gnu11;
				GCC_NO_COMMON_BLOCKS = YES;
				GCC_WARN_64_TO_32_BIT_CONVERSION = YES;
				GCC_WARN_ABOUT_RETURN_TYPE = YES_ERROR;
				GCC_WARN_UNDECLARED_SELECTOR = YES;
				GCC_WARN_UNINITIALIZED_AUTOS = YES_AGGRESSIVE;
				GCC_WARN_UNUSED_FUNCTION = YES;
				GCC_WARN_UNUSED_VARIABLE = YES;
				IPHONEOS_DEPLOYMENT_TARGET = 13.0;
				MTL_ENABLE_DEBUG_INFO = NO;
				MTL_FAST_MATH = YES;
				SDKROOT = iphoneos;
				SWIFT_COMPILATION_MODE = wholemodule;
				SWIFT_OPTIMIZATION_LEVEL = "-O";
				VALIDATE_PRODUCT = YES;
			};
			name = Release;
		};
		A141ED79239FA83000FCF977 /* Debug */ = {
			isa = XCBuildConfiguration;
			buildSettings = {
				ASSETCATALOG_COMPILER_APPICON_NAME = AppIcon;
				CODE_SIGN_STYLE = Automatic;
				DEVELOPMENT_ASSET_PATHS = "\"NewsApp/Preview Content\"";
				ENABLE_PREVIEWS = YES;
				INFOPLIST_FILE = NewsApp/SupportFiles/Info.plist;
				LD_RUNPATH_SEARCH_PATHS = (
					"$(inherited)",
					"@executable_path/Frameworks",
				);
				PRODUCT_BUNDLE_IDENTIFIER = mfs.NewsApp;
				PRODUCT_NAME = "$(TARGET_NAME)";
				SWIFT_VERSION = 5.0;
				TARGETED_DEVICE_FAMILY = "1,2";
			};
			name = Debug;
		};
		A141ED7A239FA83000FCF977 /* Release */ = {
			isa = XCBuildConfiguration;
			buildSettings = {
				ASSETCATALOG_COMPILER_APPICON_NAME = AppIcon;
				CODE_SIGN_STYLE = Automatic;
				DEVELOPMENT_ASSET_PATHS = "\"NewsApp/Preview Content\"";
				ENABLE_PREVIEWS = YES;
				INFOPLIST_FILE = NewsApp/SupportFiles/Info.plist;
				LD_RUNPATH_SEARCH_PATHS = (
					"$(inherited)",
					"@executable_path/Frameworks",
				);
				PRODUCT_BUNDLE_IDENTIFIER = mfs.NewsApp;
				PRODUCT_NAME = "$(TARGET_NAME)";
				SWIFT_VERSION = 5.0;
				TARGETED_DEVICE_FAMILY = "1,2";
			};
			name = Release;
		};
/* End XCBuildConfiguration section */

/* Begin XCConfigurationList section */
		A141ED5F239FA82C00FCF977 /* Build configuration list for PBXProject "NewsApp" */ = {
			isa = XCConfigurationList;
			buildConfigurations = (
				A141ED76239FA83000FCF977 /* Debug */,
				A141ED77239FA83000FCF977 /* Release */,
			);
			defaultConfigurationIsVisible = 0;
			defaultConfigurationName = Release;
		};
		A141ED78239FA83000FCF977 /* Build configuration list for PBXNativeTarget "NewsApp" */ = {
			isa = XCConfigurationList;
			buildConfigurations = (
				A141ED79239FA83000FCF977 /* Debug */,
				A141ED7A239FA83000FCF977 /* Release */,
			);
			defaultConfigurationIsVisible = 0;
			defaultConfigurationName = Release;
		};
/* End XCConfigurationList section */
	};
	rootObject = A141ED5C239FA82C00FCF977 /* Project object */;
}
